
Microsoft Visual Studio Solution File, Format Version 12.00
# Visual Studio Version 17
VisualStudioVersion = 17.7.34221.43
MinimumVisualStudioVersion = 10.0.40219.1
Project("{FAE04EC0-301F-11D3-BF4B-00C04F79EFBC}") = "CadastroClienteAPI", "CadastroClienteAPI\CadastroClienteAPI.csproj", "{0EE646F1-015A-48B2-BBAE-623DA37E4740}"
EndProject
Project("{FAE04EC0-301F-11D3-BF4B-00C04F79EFBC}") = "Core", "Core\Core.csproj", "{CEBB582E-9B6C-4A5F-8312-86B446C40694}"
EndProject
Project("{FAE04EC0-301F-11D3-BF4B-00C04F79EFBC}") = "Service", "Service\Service.csproj", "{271F956D-7B92-4B43-BDF0-B0B961F9F4FF}"
EndProject
Global
	GlobalSection(SolutionConfigurationPlatforms) = preSolution
		Debug|Any CPU = Debug|Any CPU
		Release|Any CPU = Release|Any CPU
	EndGlobalSection
	GlobalSection(ProjectConfigurationPlatforms) = postSolution
		{0EE646F1-015A-48B2-BBAE-623DA37E4740}.Debug|Any CPU.ActiveCfg = Debug|Any CPU
		{0EE646F1-015A-48B2-BBAE-623DA37E4740}.Debug|Any CPU.Build.0 = Debug|Any CPU
		{0EE646F1-015A-48B2-BBAE-623DA37E4740}.Release|Any CPU.ActiveCfg = Release|Any CPU
		{0EE646F1-015A-48B2-BBAE-623DA37E4740}.Release|Any CPU.Build.0 = Release|Any CPU
		{CEBB582E-9B6C-4A5F-8312-86B446C40694}.Debug|Any CPU.ActiveCfg = Debug|Any CPU
		{CEBB582E-9B6C-4A5F-8312-86B446C40694}.Debug|Any CPU.Build.0 = Debug|Any CPU
		{CEBB582E-9B6C-4A5F-8312-86B446C40694}.Release|Any CPU.ActiveCfg = Release|Any CPU
		{CEBB582E-9B6C-4A5F-8312-86B446C40694}.Release|Any CPU.Build.0 = Release|Any CPU
		{271F956D-7B92-4B43-BDF0-B0B961F9F4FF}.Debug|Any CPU.ActiveCfg = Debug|Any CPU
		{271F956D-7B92-4B43-BDF0-B0B961F9F4FF}.Debug|Any CPU.Build.0 = Debug|Any CPU
		{271F956D-7B92-4B43-BDF0-B0B961F9F4FF}.Release|Any CPU.ActiveCfg = Release|Any CPU
		{271F956D-7B92-4B43-BDF0-B0B961F9F4FF}.Release|Any CPU.Build.0 = Release|Any CPU
	EndGlobalSection
	GlobalSection(SolutionProperties) = preSolution
		HideSolutionNode = FALSE
	EndGlobalSection
	GlobalSection(ExtensibilityGlobals) = postSolution
		SolutionGuid = {2E440716-5DC1-4A8B-B374-BB575B71A1E5}
	EndGlobalSection
EndGlobal
